
Microsoft Visual Studio Solution File, Format Version 12.00
# Visual Studio Version 17
VisualStudioVersion = 17.0.31903.59
MinimumVisualStudioVersion = 10.0.40219.1
Project("{FAE04EC0-301F-11D3-BF4B-00C04F79EFBC}") = "OpenDsc.Resource", "OpenDsc.Resource\OpenDsc.Resource.csproj", "{599422C0-8C66-4138-B845-301488F7F15F}"
EndProject
Project("{FAE04EC0-301F-11D3-BF4B-00C04F79EFBC}") = "OpenDsc.Resource.CommandLine", "OpenDsc.Resource.CommandLine\OpenDsc.Resource.CommandLine.csproj", "{314AF358-C8C3-4147-8432-DEDFD282F871}"
EndProject
Project("{FAE04EC0-301F-11D3-BF4B-00C04F79EFBC}") = "OpenDsc.Templates", "OpenDsc.Templates\OpenDsc.Templates.csproj", "{74C3403D-0D6B-4242-B252-2B632D8D10CE}"
EndProject
Project("{2150E333-8FDC-42A3-9474-1A3956D46DE8}") = "tests", "tests", "{0AB3BF05-4346-4AA6-1389-037BE0695223}"
EndProject
Project("{FAE04EC0-301F-11D3-BF4B-00C04F79EFBC}") = "TestResource.Aot", "..\tests\TestResource.Aot\TestResource.Aot.csproj", "{894FF223-B2A7-45C4-A366-008420769DF7}"
EndProject
Project("{FAE04EC0-301F-11D3-BF4B-00C04F79EFBC}") = "TestResource.NonAot", "..\tests\TestResource.NonAot\TestResource.NonAot.csproj", "{154ED6ED-B426-4E11-945B-0138431D7904}"
EndProject
Project("{FAE04EC0-301F-11D3-BF4B-00C04F79EFBC}") = "TestResource.Options", "..\tests\TestResource.Options\TestResource.Options.csproj", "{D73F3D2A-77A5-4571-B5D2-0C6EB23B08A8}"
EndProject
Global
	GlobalSection(SolutionConfigurationPlatforms) = preSolution
		Debug|Any CPU = Debug|Any CPU
		Debug|x64 = Debug|x64
		Debug|x86 = Debug|x86
		Release|Any CPU = Release|Any CPU
		Release|x64 = Release|x64
		Release|x86 = Release|x86
	EndGlobalSection
	GlobalSection(ProjectConfigurationPlatforms) = postSolution
		{599422C0-8C66-4138-B845-301488F7F15F}.Debug|Any CPU.ActiveCfg = Debug|Any CPU
		{599422C0-8C66-4138-B845-301488F7F15F}.Debug|Any CPU.Build.0 = Debug|Any CPU
		{599422C0-8C66-4138-B845-301488F7F15F}.Debug|x64.ActiveCfg = Debug|Any CPU
		{599422C0-8C66-4138-B845-301488F7F15F}.Debug|x64.Build.0 = Debug|Any CPU
		{599422C0-8C66-4138-B845-301488F7F15F}.Debug|x86.ActiveCfg = Debug|Any CPU
		{599422C0-8C66-4138-B845-301488F7F15F}.Debug|x86.Build.0 = Debug|Any CPU
		{599422C0-8C66-4138-B845-301488F7F15F}.Release|Any CPU.ActiveCfg = Release|Any CPU
		{599422C0-8C66-4138-B845-301488F7F15F}.Release|Any CPU.Build.0 = Release|Any CPU
		{599422C0-8C66-4138-B845-301488F7F15F}.Release|x64.ActiveCfg = Release|Any CPU
		{599422C0-8C66-4138-B845-301488F7F15F}.Release|x64.Build.0 = Release|Any CPU
		{599422C0-8C66-4138-B845-301488F7F15F}.Release|x86.ActiveCfg = Release|Any CPU
		{599422C0-8C66-4138-B845-301488F7F15F}.Release|x86.Build.0 = Release|Any CPU
		{314AF358-C8C3-4147-8432-DEDFD282F871}.Debug|Any CPU.ActiveCfg = Debug|Any CPU
		{314AF358-C8C3-4147-8432-DEDFD282F871}.Debug|Any CPU.Build.0 = Debug|Any CPU
		{314AF358-C8C3-4147-8432-DEDFD282F871}.Debug|x64.ActiveCfg = Debug|Any CPU
		{314AF358-C8C3-4147-8432-DEDFD282F871}.Debug|x64.Build.0 = Debug|Any CPU
		{314AF358-C8C3-4147-8432-DEDFD282F871}.Debug|x86.ActiveCfg = Debug|Any CPU
		{314AF358-C8C3-4147-8432-DEDFD282F871}.Debug|x86.Build.0 = Debug|Any CPU
		{314AF358-C8C3-4147-8432-DEDFD282F871}.Release|Any CPU.ActiveCfg = Release|Any CPU
		{314AF358-C8C3-4147-8432-DEDFD282F871}.Release|Any CPU.Build.0 = Release|Any CPU
		{314AF358-C8C3-4147-8432-DEDFD282F871}.Release|x64.ActiveCfg = Release|Any CPU
		{314AF358-C8C3-4147-8432-DEDFD282F871}.Release|x64.Build.0 = Release|Any CPU
		{314AF358-C8C3-4147-8432-DEDFD282F871}.Release|x86.ActiveCfg = Release|Any CPU
		{314AF358-C8C3-4147-8432-DEDFD282F871}.Release|x86.Build.0 = Release|Any CPU
		{74C3403D-0D6B-4242-B252-2B632D8D10CE}.Debug|Any CPU.ActiveCfg = Debug|Any CPU
		{74C3403D-0D6B-4242-B252-2B632D8D10CE}.Debug|Any CPU.Build.0 = Debug|Any CPU
		{74C3403D-0D6B-4242-B252-2B632D8D10CE}.Debug|x64.ActiveCfg = Debug|Any CPU
		{74C3403D-0D6B-4242-B252-2B632D8D10CE}.Debug|x64.Build.0 = Debug|Any CPU
		{74C3403D-0D6B-4242-B252-2B632D8D10CE}.Debug|x86.ActiveCfg = Debug|Any CPU
		{74C3403D-0D6B-4242-B252-2B632D8D10CE}.Debug|x86.Build.0 = Debug|Any CPU
		{74C3403D-0D6B-4242-B252-2B632D8D10CE}.Release|Any CPU.ActiveCfg = Release|Any CPU
		{74C3403D-0D6B-4242-B252-2B632D8D10CE}.Release|Any CPU.Build.0 = Release|Any CPU
		{74C3403D-0D6B-4242-B252-2B632D8D10CE}.Release|x64.ActiveCfg = Release|Any CPU
		{74C3403D-0D6B-4242-B252-2B632D8D10CE}.Release|x64.Build.0 = Release|Any CPU
		{74C3403D-0D6B-4242-B252-2B632D8D10CE}.Release|x86.ActiveCfg = Release|Any CPU
		{74C3403D-0D6B-4242-B252-2B632D8D10CE}.Release|x86.Build.0 = Release|Any CPU
		{894FF223-B2A7-45C4-A366-008420769DF7}.Debug|Any CPU.ActiveCfg = Debug|Any CPU
		{894FF223-B2A7-45C4-A366-008420769DF7}.Debug|Any CPU.Build.0 = Debug|Any CPU
		{894FF223-B2A7-45C4-A366-008420769DF7}.Debug|x64.ActiveCfg = Debug|Any CPU
		{894FF223-B2A7-45C4-A366-008420769DF7}.Debug|x64.Build.0 = Debug|Any CPU
		{894FF223-B2A7-45C4-A366-008420769DF7}.Debug|x86.ActiveCfg = Debug|Any CPU
		{894FF223-B2A7-45C4-A366-008420769DF7}.Debug|x86.Build.0 = Debug|Any CPU
		{894FF223-B2A7-45C4-A366-008420769DF7}.Release|Any CPU.ActiveCfg = Release|Any CPU
		{894FF223-B2A7-45C4-A366-008420769DF7}.Release|Any CPU.Build.0 = Release|Any CPU
		{894FF223-B2A7-45C4-A366-008420769DF7}.Release|x64.ActiveCfg = Release|Any CPU
		{894FF223-B2A7-45C4-A366-008420769DF7}.Release|x64.Build.0 = Release|Any CPU
		{894FF223-B2A7-45C4-A366-008420769DF7}.Release|x86.ActiveCfg = Release|Any CPU
		{894FF223-B2A7-45C4-A366-008420769DF7}.Release|x86.Build.0 = Release|Any CPU
		{154ED6ED-B426-4E11-945B-0138431D7904}.Debug|Any CPU.ActiveCfg = Debug|Any CPU
		{154ED6ED-B426-4E11-945B-0138431D7904}.Debug|Any CPU.Build.0 = Debug|Any CPU
		{154ED6ED-B426-4E11-945B-0138431D7904}.Debug|x64.ActiveCfg = Debug|Any CPU
		{154ED6ED-B426-4E11-945B-0138431D7904}.Debug|x64.Build.0 = Debug|Any CPU
		{154ED6ED-B426-4E11-945B-0138431D7904}.Debug|x86.ActiveCfg = Debug|Any CPU
		{154ED6ED-B426-4E11-945B-0138431D7904}.Debug|x86.Build.0 = Debug|Any CPU
		{154ED6ED-B426-4E11-945B-0138431D7904}.Release|Any CPU.ActiveCfg = Release|Any CPU
		{154ED6ED-B426-4E11-945B-0138431D7904}.Release|Any CPU.Build.0 = Release|Any CPU
		{154ED6ED-B426-4E11-945B-0138431D7904}.Release|x64.ActiveCfg = Release|Any CPU
		{154ED6ED-B426-4E11-945B-0138431D7904}.Release|x64.Build.0 = Release|Any CPU
		{154ED6ED-B426-4E11-945B-0138431D7904}.Release|x86.ActiveCfg = Release|Any CPU
		{154ED6ED-B426-4E11-945B-0138431D7904}.Release|x86.Build.0 = Release|Any CPU
		{D73F3D2A-77A5-4571-B5D2-0C6EB23B08A8}.Debug|Any CPU.ActiveCfg = Debug|Any CPU
		{D73F3D2A-77A5-4571-B5D2-0C6EB23B08A8}.Debug|Any CPU.Build.0 = Debug|Any CPU
		{D73F3D2A-77A5-4571-B5D2-0C6EB23B08A8}.Debug|x64.ActiveCfg = Debug|Any CPU
		{D73F3D2A-77A5-4571-B5D2-0C6EB23B08A8}.Debug|x64.Build.0 = Debug|Any CPU
		{D73F3D2A-77A5-4571-B5D2-0C6EB23B08A8}.Debug|x86.ActiveCfg = Debug|Any CPU
		{D73F3D2A-77A5-4571-B5D2-0C6EB23B08A8}.Debug|x86.Build.0 = Debug|Any CPU
		{D73F3D2A-77A5-4571-B5D2-0C6EB23B08A8}.Release|Any CPU.ActiveCfg = Release|Any CPU
		{D73F3D2A-77A5-4571-B5D2-0C6EB23B08A8}.Release|Any CPU.Build.0 = Release|Any CPU
		{D73F3D2A-77A5-4571-B5D2-0C6EB23B08A8}.Release|x64.ActiveCfg = Release|Any CPU
		{D73F3D2A-77A5-4571-B5D2-0C6EB23B08A8}.Release|x64.Build.0 = Release|Any CPU
		{D73F3D2A-77A5-4571-B5D2-0C6EB23B08A8}.Release|x86.ActiveCfg = Release|Any CPU
		{D73F3D2A-77A5-4571-B5D2-0C6EB23B08A8}.Release|x86.Build.0 = Release|Any CPU
	EndGlobalSection
	GlobalSection(SolutionProperties) = preSolution
		HideSolutionNode = FALSE
	EndGlobalSection
	GlobalSection(NestedProjects) = preSolution
		{894FF223-B2A7-45C4-A366-008420769DF7} = {0AB3BF05-4346-4AA6-1389-037BE0695223}
		{154ED6ED-B426-4E11-945B-0138431D7904} = {0AB3BF05-4346-4AA6-1389-037BE0695223}
		{D73F3D2A-77A5-4571-B5D2-0C6EB23B08A8} = {0AB3BF05-4346-4AA6-1389-037BE0695223}
	EndGlobalSection
EndGlobal
