
Microsoft Visual Studio Solution File, Format Version 12.00
# Visual Studio Version 17
VisualStudioVersion = 17.0.31903.59
MinimumVisualStudioVersion = 10.0.40219.1
Project("{FAE04EC0-301F-11D3-BF4B-00C04F79EFBC}") = "OpenDsc.Resource", "OpenDsc.Resource\OpenDsc.Resource.csproj", "{599422C0-8C66-4138-B845-301488F7F15F}"
EndProject
Project("{FAE04EC0-301F-11D3-BF4B-00C04F79EFBC}") = "OpenDsc.Resource.CommandLine", "OpenDsc.Resource.CommandLine\OpenDsc.Resource.CommandLine.csproj", "{314AF358-C8C3-4147-8432-DEDFD282F871}"
EndProject
Project("{FAE04EC0-301F-11D3-BF4B-00C04F79EFBC}") = "OpenDsc.Templates", "OpenDsc.Templates\OpenDsc.Templates.csproj", "{74C3403D-0D6B-4242-B252-2B632D8D10CE}"
EndProject
Global
	GlobalSection(SolutionConfigurationPlatforms) = preSolution
		Debug|Any CPU = Debug|Any CPU
		Debug|x64 = Debug|x64
		Debug|x86 = Debug|x86
		Release|Any CPU = Release|Any CPU
		Release|x64 = Release|x64
		Release|x86 = Release|x86
	EndGlobalSection
	GlobalSection(ProjectConfigurationPlatforms) = postSolution
		{599422C0-8C66-4138-B845-301488F7F15F}.Debug|Any CPU.ActiveCfg = Debug|Any CPU
		{599422C0-8C66-4138-B845-301488F7F15F}.Debug|Any CPU.Build.0 = Debug|Any CPU
		{599422C0-8C66-4138-B845-301488F7F15F}.Debug|x64.ActiveCfg = Debug|Any CPU
		{599422C0-8C66-4138-B845-301488F7F15F}.Debug|x64.Build.0 = Debug|Any CPU
		{599422C0-8C66-4138-B845-301488F7F15F}.Debug|x86.ActiveCfg = Debug|Any CPU
		{599422C0-8C66-4138-B845-301488F7F15F}.Debug|x86.Build.0 = Debug|Any CPU
		{599422C0-8C66-4138-B845-301488F7F15F}.Release|Any CPU.ActiveCfg = Release|Any CPU
		{599422C0-8C66-4138-B845-301488F7F15F}.Release|Any CPU.Build.0 = Release|Any CPU
		{599422C0-8C66-4138-B845-301488F7F15F}.Release|x64.ActiveCfg = Release|Any CPU
		{599422C0-8C66-4138-B845-301488F7F15F}.Release|x64.Build.0 = Release|Any CPU
		{599422C0-8C66-4138-B845-301488F7F15F}.Release|x86.ActiveCfg = Release|Any CPU
		{599422C0-8C66-4138-B845-301488F7F15F}.Release|x86.Build.0 = Release|Any CPU
		{314AF358-C8C3-4147-8432-DEDFD282F871}.Debug|Any CPU.ActiveCfg = Debug|Any CPU
		{314AF358-C8C3-4147-8432-DEDFD282F871}.Debug|Any CPU.Build.0 = Debug|Any CPU
		{314AF358-C8C3-4147-8432-DEDFD282F871}.Debug|x64.ActiveCfg = Debug|Any CPU
		{314AF358-C8C3-4147-8432-DEDFD282F871}.Debug|x64.Build.0 = Debug|Any CPU
		{314AF358-C8C3-4147-8432-DEDFD282F871}.Debug|x86.ActiveCfg = Debug|Any CPU
		{314AF358-C8C3-4147-8432-DEDFD282F871}.Debug|x86.Build.0 = Debug|Any CPU
		{314AF358-C8C3-4147-8432-DEDFD282F871}.Release|Any CPU.ActiveCfg = Release|Any CPU
		{314AF358-C8C3-4147-8432-DEDFD282F871}.Release|Any CPU.Build.0 = Release|Any CPU
		{314AF358-C8C3-4147-8432-DEDFD282F871}.Release|x64.ActiveCfg = Release|Any CPU
		{314AF358-C8C3-4147-8432-DEDFD282F871}.Release|x64.Build.0 = Release|Any CPU
		{314AF358-C8C3-4147-8432-DEDFD282F871}.Release|x86.ActiveCfg = Release|Any CPU
		{314AF358-C8C3-4147-8432-DEDFD282F871}.Release|x86.Build.0 = Release|Any CPU
		{74C3403D-0D6B-4242-B252-2B632D8D10CE}.Debug|Any CPU.ActiveCfg = Debug|Any CPU
		{74C3403D-0D6B-4242-B252-2B632D8D10CE}.Debug|Any CPU.Build.0 = Debug|Any CPU
		{74C3403D-0D6B-4242-B252-2B632D8D10CE}.Debug|x64.ActiveCfg = Debug|Any CPU
		{74C3403D-0D6B-4242-B252-2B632D8D10CE}.Debug|x64.Build.0 = Debug|Any CPU
		{74C3403D-0D6B-4242-B252-2B632D8D10CE}.Debug|x86.ActiveCfg = Debug|Any CPU
		{74C3403D-0D6B-4242-B252-2B632D8D10CE}.Debug|x86.Build.0 = Debug|Any CPU
		{74C3403D-0D6B-4242-B252-2B632D8D10CE}.Release|Any CPU.ActiveCfg = Release|Any CPU
		{74C3403D-0D6B-4242-B252-2B632D8D10CE}.Release|Any CPU.Build.0 = Release|Any CPU
		{74C3403D-0D6B-4242-B252-2B632D8D10CE}.Release|x64.ActiveCfg = Release|Any CPU
		{74C3403D-0D6B-4242-B252-2B632D8D10CE}.Release|x64.Build.0 = Release|Any CPU
		{74C3403D-0D6B-4242-B252-2B632D8D10CE}.Release|x86.ActiveCfg = Release|Any CPU
		{74C3403D-0D6B-4242-B252-2B632D8D10CE}.Release|x86.Build.0 = Release|Any CPU
	EndGlobalSection
	GlobalSection(SolutionProperties) = preSolution
		HideSolutionNode = FALSE
	EndGlobalSection
EndGlobal
